
Microsoft Visual Studio Solution File, Format Version 12.00
# Visual Studio 15
VisualStudioVersion = 15.0.28010.2026
MinimumVisualStudioVersion = 10.0.40219.1
Project("{FAE04EC0-301F-11D3-BF4B-00C04F79EFBC}") = "HashtableProjectTrainining", "HashtableProjectTrainining\HashtableProjectTrainining.csproj", "{612286D3-C6EE-4A46-A5FA-7E7B40BA6D58}"
EndProject
Global
	GlobalSection(SolutionConfigurationPlatforms) = preSolution
		Debug|Any CPU = Debug|Any CPU
		Release|Any CPU = Release|Any CPU
	EndGlobalSection
	GlobalSection(ProjectConfigurationPlatforms) = postSolution
		{612286D3-C6EE-4A46-A5FA-7E7B40BA6D58}.Debug|Any CPU.ActiveCfg = Debug|Any CPU
		{612286D3-C6EE-4A46-A5FA-7E7B40BA6D58}.Debug|Any CPU.Build.0 = Debug|Any CPU
		{612286D3-C6EE-4A46-A5FA-7E7B40BA6D58}.Release|Any CPU.ActiveCfg = Release|Any CPU
		{612286D3-C6EE-4A46-A5FA-7E7B40BA6D58}.Release|Any CPU.Build.0 = Release|Any CPU
	EndGlobalSection
	GlobalSection(SolutionProperties) = preSolution
		HideSolutionNode = FALSE
	EndGlobalSection
	GlobalSection(ExtensibilityGlobals) = postSolution
		SolutionGuid = {2B5CA2BB-B63F-494E-A65C-628D368F8718}
	EndGlobalSection
EndGlobal
